
Microsoft Visual Studio Solution File, Format Version 12.00
# Visual Studio Version 16
VisualStudioVersion = 16.0.31729.503
MinimumVisualStudioVersion = 10.0.40219.1
Project("{FAE04EC0-301F-11D3-BF4B-00C04F79EFBC}") = "LibraryExample", "LibraryExample\LibraryExample.csproj", "{BCA30373-96C0-495F-AF03-97B900F4E243}"
EndProject
Global
	GlobalSection(SolutionConfigurationPlatforms) = preSolution
		Debug|Any CPU = Debug|Any CPU
		Release|Any CPU = Release|Any CPU
	EndGlobalSection
	GlobalSection(ProjectConfigurationPlatforms) = postSolution
		{BCA30373-96C0-495F-AF03-97B900F4E243}.Debug|Any CPU.ActiveCfg = Debug|Any CPU
		{BCA30373-96C0-495F-AF03-97B900F4E243}.Debug|Any CPU.Build.0 = Debug|Any CPU
		{BCA30373-96C0-495F-AF03-97B900F4E243}.Release|Any CPU.ActiveCfg = Release|Any CPU
		{BCA30373-96C0-495F-AF03-97B900F4E243}.Release|Any CPU.Build.0 = Release|Any CPU
	EndGlobalSection
	GlobalSection(SolutionProperties) = preSolution
		HideSolutionNode = FALSE
	EndGlobalSection
	GlobalSection(ExtensibilityGlobals) = postSolution
		SolutionGuid = {8A3054EA-6C9B-4BC4-B004-3DEA400A8D38}
	EndGlobalSection
EndGlobal
