
Microsoft Visual Studio Solution File, Format Version 12.00
# Visual Studio Version 16
VisualStudioVersion = 16.0.31729.503
MinimumVisualStudioVersion = 10.0.40219.1
Project("{9A19103F-16F7-4668-BE54-9A1E7A4F7556}") = "2-Z", "2-Z\2-Z.csproj", "{23318B99-A8A4-48AF-9AEF-EFBEFA43FBC0}"
EndProject
Project("{9A19103F-16F7-4668-BE54-9A1E7A4F7556}") = "BreadLib", "..\BreadLib\BreadLib\BreadLib.csproj", "{A5457EC6-29FD-479B-AF49-29CC5A097E5D}"
EndProject
Global
	GlobalSection(SolutionConfigurationPlatforms) = preSolution
		Debug|Any CPU = Debug|Any CPU
		Release|Any CPU = Release|Any CPU
	EndGlobalSection
	GlobalSection(ProjectConfigurationPlatforms) = postSolution
		{23318B99-A8A4-48AF-9AEF-EFBEFA43FBC0}.Debug|Any CPU.ActiveCfg = Debug|Any CPU
		{23318B99-A8A4-48AF-9AEF-EFBEFA43FBC0}.Debug|Any CPU.Build.0 = Debug|Any CPU
		{23318B99-A8A4-48AF-9AEF-EFBEFA43FBC0}.Release|Any CPU.ActiveCfg = Release|Any CPU
		{23318B99-A8A4-48AF-9AEF-EFBEFA43FBC0}.Release|Any CPU.Build.0 = Release|Any CPU
		{A5457EC6-29FD-479B-AF49-29CC5A097E5D}.Debug|Any CPU.ActiveCfg = Debug|Any CPU
		{A5457EC6-29FD-479B-AF49-29CC5A097E5D}.Debug|Any CPU.Build.0 = Debug|Any CPU
		{A5457EC6-29FD-479B-AF49-29CC5A097E5D}.Release|Any CPU.ActiveCfg = Release|Any CPU
		{A5457EC6-29FD-479B-AF49-29CC5A097E5D}.Release|Any CPU.Build.0 = Release|Any CPU
	EndGlobalSection
	GlobalSection(SolutionProperties) = preSolution
		HideSolutionNode = FALSE
	EndGlobalSection
	GlobalSection(ExtensibilityGlobals) = postSolution
		SolutionGuid = {CAFDE3C1-1E13-4E26-B48B-A7CE8EB3AC88}
	EndGlobalSection
EndGlobal
